
Microsoft Visual Studio Solution File, Format Version 12.00
# Visual Studio Version 16
VisualStudioVersion = 16.0.29613.14
MinimumVisualStudioVersion = 10.0.40219.1
Project("{FAE04EC0-301F-11D3-BF4B-00C04F79EFBC}") = "01. Train", "01. Train\01. Train.csproj", "{9CE7678F-F3E0-4F16-BF37-8FBA775E25F1}"
EndProject
Project("{FAE04EC0-301F-11D3-BF4B-00C04F79EFBC}") = "02. Common Elements", "02. Common Elements\02. Common Elements.csproj", "{9BD94170-E3CA-41BF-8447-151E3C1B8871}"
EndProject
Project("{FAE04EC0-301F-11D3-BF4B-00C04F79EFBC}") = "03. Zig-Zag Arrays", "03. Zig-Zag Arrays\03. Zig-Zag Arrays.csproj", "{BFC9256B-473C-4C36-9045-DBE64CD194C8}"
EndProject
Project("{FAE04EC0-301F-11D3-BF4B-00C04F79EFBC}") = "04. Array Rotation", "04. Array Rotation\04. Array Rotation.csproj", "{5375C223-7A79-4DDE-AC2E-717899BF89D8}"
EndProject
Project("{FAE04EC0-301F-11D3-BF4B-00C04F79EFBC}") = "05. Top Integers", "05. Top Integers\05. Top Integers.csproj", "{D690413B-C27E-4488-8613-2AABD6FF63CF}"
EndProject
Project("{FAE04EC0-301F-11D3-BF4B-00C04F79EFBC}") = "06. Equal Sum", "06. Equal Sum\06. Equal Sum.csproj", "{6D6A6DB5-31C6-442F-9475-75674429E690}"
EndProject
Project("{FAE04EC0-301F-11D3-BF4B-00C04F79EFBC}") = "07. Max Sequence of Equal Elements", "07. Max Sequence of Equal Elements\07. Max Sequence of Equal Elements.csproj", "{6363B3F5-8620-4D23-8DFC-504729C68864}"
EndProject
Project("{FAE04EC0-301F-11D3-BF4B-00C04F79EFBC}") = "08. Magic Sum", "08. Magic Sum\08. Magic Sum.csproj", "{86AE7AF9-B5A0-4C94-9A89-4E9C78042206}"
EndProject
Global
	GlobalSection(SolutionConfigurationPlatforms) = preSolution
		Debug|Any CPU = Debug|Any CPU
		Release|Any CPU = Release|Any CPU
	EndGlobalSection
	GlobalSection(ProjectConfigurationPlatforms) = postSolution
		{9CE7678F-F3E0-4F16-BF37-8FBA775E25F1}.Debug|Any CPU.ActiveCfg = Debug|Any CPU
		{9CE7678F-F3E0-4F16-BF37-8FBA775E25F1}.Debug|Any CPU.Build.0 = Debug|Any CPU
		{9CE7678F-F3E0-4F16-BF37-8FBA775E25F1}.Release|Any CPU.ActiveCfg = Release|Any CPU
		{9CE7678F-F3E0-4F16-BF37-8FBA775E25F1}.Release|Any CPU.Build.0 = Release|Any CPU
		{9BD94170-E3CA-41BF-8447-151E3C1B8871}.Debug|Any CPU.ActiveCfg = Debug|Any CPU
		{9BD94170-E3CA-41BF-8447-151E3C1B8871}.Debug|Any CPU.Build.0 = Debug|Any CPU
		{9BD94170-E3CA-41BF-8447-151E3C1B8871}.Release|Any CPU.ActiveCfg = Release|Any CPU
		{9BD94170-E3CA-41BF-8447-151E3C1B8871}.Release|Any CPU.Build.0 = Release|Any CPU
		{BFC9256B-473C-4C36-9045-DBE64CD194C8}.Debug|Any CPU.ActiveCfg = Debug|Any CPU
		{BFC9256B-473C-4C36-9045-DBE64CD194C8}.Debug|Any CPU.Build.0 = Debug|Any CPU
		{BFC9256B-473C-4C36-9045-DBE64CD194C8}.Release|Any CPU.ActiveCfg = Release|Any CPU
		{BFC9256B-473C-4C36-9045-DBE64CD194C8}.Release|Any CPU.Build.0 = Release|Any CPU
		{5375C223-7A79-4DDE-AC2E-717899BF89D8}.Debug|Any CPU.ActiveCfg = Debug|Any CPU
		{5375C223-7A79-4DDE-AC2E-717899BF89D8}.Debug|Any CPU.Build.0 = Debug|Any CPU
		{5375C223-7A79-4DDE-AC2E-717899BF89D8}.Release|Any CPU.ActiveCfg = Release|Any CPU
		{5375C223-7A79-4DDE-AC2E-717899BF89D8}.Release|Any CPU.Build.0 = Release|Any CPU
		{D690413B-C27E-4488-8613-2AABD6FF63CF}.Debug|Any CPU.ActiveCfg = Debug|Any CPU
		{D690413B-C27E-4488-8613-2AABD6FF63CF}.Debug|Any CPU.Build.0 = Debug|Any CPU
		{D690413B-C27E-4488-8613-2AABD6FF63CF}.Release|Any CPU.ActiveCfg = Release|Any CPU
		{D690413B-C27E-4488-8613-2AABD6FF63CF}.Release|Any CPU.Build.0 = Release|Any CPU
		{6D6A6DB5-31C6-442F-9475-75674429E690}.Debug|Any CPU.ActiveCfg = Debug|Any CPU
		{6D6A6DB5-31C6-442F-9475-75674429E690}.Debug|Any CPU.Build.0 = Debug|Any CPU
		{6D6A6DB5-31C6-442F-9475-75674429E690}.Release|Any CPU.ActiveCfg = Release|Any CPU
		{6D6A6DB5-31C6-442F-9475-75674429E690}.Release|Any CPU.Build.0 = Release|Any CPU
		{6363B3F5-8620-4D23-8DFC-504729C68864}.Debug|Any CPU.ActiveCfg = Debug|Any CPU
		{6363B3F5-8620-4D23-8DFC-504729C68864}.Debug|Any CPU.Build.0 = Debug|Any CPU
		{6363B3F5-8620-4D23-8DFC-504729C68864}.Release|Any CPU.ActiveCfg = Release|Any CPU
		{6363B3F5-8620-4D23-8DFC-504729C68864}.Release|Any CPU.Build.0 = Release|Any CPU
		{86AE7AF9-B5A0-4C94-9A89-4E9C78042206}.Debug|Any CPU.ActiveCfg = Debug|Any CPU
		{86AE7AF9-B5A0-4C94-9A89-4E9C78042206}.Debug|Any CPU.Build.0 = Debug|Any CPU
		{86AE7AF9-B5A0-4C94-9A89-4E9C78042206}.Release|Any CPU.ActiveCfg = Release|Any CPU
		{86AE7AF9-B5A0-4C94-9A89-4E9C78042206}.Release|Any CPU.Build.0 = Release|Any CPU
	EndGlobalSection
	GlobalSection(SolutionProperties) = preSolution
		HideSolutionNode = FALSE
	EndGlobalSection
	GlobalSection(ExtensibilityGlobals) = postSolution
		SolutionGuid = {7DB8B439-5E37-44ED-A03A-0E19916BFDDA}
	EndGlobalSection
EndGlobal
