
Microsoft Visual Studio Solution File, Format Version 12.00
# Visual Studio Version 16
VisualStudioVersion = 16.0.29728.190
MinimumVisualStudioVersion = 10.0.40219.1
Project("{9A19103F-16F7-4668-BE54-9A1E7A4F7556}") = "01. Warrior's Quest", "01. Warrior's Quest\01. Warrior's Quest.csproj", "{7DC2EAB9-8F03-4794-920A-FE1EC3FF2DAC}"
EndProject
Project("{9A19103F-16F7-4668-BE54-9A1E7A4F7556}") = "02. Boss Rush", "02. Boss Rush\02. Boss Rush.csproj", "{2135897E-9715-4EC2-A52F-C0BE699BE72F}"
EndProject
Project("{9A19103F-16F7-4668-BE54-9A1E7A4F7556}") = "03. Hero Recruitment", "03. Hero Recruitment\03. Hero Recruitment.csproj", "{A7CD2C83-4C1B-468E-8E0F-0F13A88EEF7A}"
EndProject
Project("{9A19103F-16F7-4668-BE54-9A1E7A4F7556}") = "01. Nikulden’s Charity", "01. Nikulden’s Charity\01. Nikulden’s Charity.csproj", "{1A16708D-47F8-425D-ACD8-7960FB898062}"
EndProject
Project("{9A19103F-16F7-4668-BE54-9A1E7A4F7556}") = "02. Message Translator", "02. Message Translator\02. Message Translator.csproj", "{780E4035-D4FC-4CCC-A424-90FD0C45C796}"
EndProject
Project("{9A19103F-16F7-4668-BE54-9A1E7A4F7556}") = "01. Password Reset", "01. Password Reset\01. Password Reset.csproj", "{6ADD28B1-9825-4D6D-A01E-EBF5C318A2F0}"
EndProject
Project("{9A19103F-16F7-4668-BE54-9A1E7A4F7556}") = "02. Fancy Barcodes", "02. Fancy Barcodes\02. Fancy Barcodes.csproj", "{F0E879F8-F143-46FE-BBDC-1B2F240C2294}"
EndProject
Project("{9A19103F-16F7-4668-BE54-9A1E7A4F7556}") = "03. Heroes of Code and Logic VII", "03. Heroes of Code and Logic VII\03. Heroes of Code and Logic VII.csproj", "{0FE05A4A-D06C-4F19-AACC-98C45689CFEB}"
EndProject
Project("{9A19103F-16F7-4668-BE54-9A1E7A4F7556}") = "01. Activation Keys", "01. Activation Keys\01. Activation Keys.csproj", "{067DF7FD-0731-447C-A842-E0AAFBC49374}"
EndProject
Project("{9A19103F-16F7-4668-BE54-9A1E7A4F7556}") = "02. Emoji Detector", "02. Emoji Detector\02. Emoji Detector.csproj", "{D1F029D7-532B-444B-8C90-568F2631195B}"
EndProject
Project("{9A19103F-16F7-4668-BE54-9A1E7A4F7556}") = "03. P!rates", "03. P!rates\03. P!rates.csproj", "{E9307615-5B3F-4E74-87A4-F11627CA206F}"
EndProject
Project("{FAE04EC0-301F-11D3-BF4B-00C04F79EFBC}") = "01. Secret Chat", "01. Secret Chat\01. Secret Chat.csproj", "{0CAA40B5-D55B-4C5B-B496-20279ABF75D2}"
EndProject
Project("{FAE04EC0-301F-11D3-BF4B-00C04F79EFBC}") = "02. Mirror Words", "02. Mirror Words\02. Mirror Words.csproj", "{3799596A-6485-4B43-80BD-72C64A36E913}"
EndProject
Project("{FAE04EC0-301F-11D3-BF4B-00C04F79EFBC}") = "03. Need for Speed III", "03. Need for Speed III\03. Need for Speed III.csproj", "{CD14E9E8-403A-4AB9-B306-8A83CB78EBB6}"
EndProject
Project("{FAE04EC0-301F-11D3-BF4B-00C04F79EFBC}") = "Try", "Try\Try.csproj", "{EA7FF652-77A9-4345-96CE-16A9FA284B8C}"
EndProject
Global
	GlobalSection(SolutionConfigurationPlatforms) = preSolution
		Debug|Any CPU = Debug|Any CPU
		Release|Any CPU = Release|Any CPU
	EndGlobalSection
	GlobalSection(ProjectConfigurationPlatforms) = postSolution
		{7DC2EAB9-8F03-4794-920A-FE1EC3FF2DAC}.Debug|Any CPU.ActiveCfg = Debug|Any CPU
		{7DC2EAB9-8F03-4794-920A-FE1EC3FF2DAC}.Debug|Any CPU.Build.0 = Debug|Any CPU
		{7DC2EAB9-8F03-4794-920A-FE1EC3FF2DAC}.Release|Any CPU.ActiveCfg = Release|Any CPU
		{7DC2EAB9-8F03-4794-920A-FE1EC3FF2DAC}.Release|Any CPU.Build.0 = Release|Any CPU
		{2135897E-9715-4EC2-A52F-C0BE699BE72F}.Debug|Any CPU.ActiveCfg = Debug|Any CPU
		{2135897E-9715-4EC2-A52F-C0BE699BE72F}.Debug|Any CPU.Build.0 = Debug|Any CPU
		{2135897E-9715-4EC2-A52F-C0BE699BE72F}.Release|Any CPU.ActiveCfg = Release|Any CPU
		{2135897E-9715-4EC2-A52F-C0BE699BE72F}.Release|Any CPU.Build.0 = Release|Any CPU
		{A7CD2C83-4C1B-468E-8E0F-0F13A88EEF7A}.Debug|Any CPU.ActiveCfg = Debug|Any CPU
		{A7CD2C83-4C1B-468E-8E0F-0F13A88EEF7A}.Debug|Any CPU.Build.0 = Debug|Any CPU
		{A7CD2C83-4C1B-468E-8E0F-0F13A88EEF7A}.Release|Any CPU.ActiveCfg = Release|Any CPU
		{A7CD2C83-4C1B-468E-8E0F-0F13A88EEF7A}.Release|Any CPU.Build.0 = Release|Any CPU
		{1A16708D-47F8-425D-ACD8-7960FB898062}.Debug|Any CPU.ActiveCfg = Debug|Any CPU
		{1A16708D-47F8-425D-ACD8-7960FB898062}.Debug|Any CPU.Build.0 = Debug|Any CPU
		{1A16708D-47F8-425D-ACD8-7960FB898062}.Release|Any CPU.ActiveCfg = Release|Any CPU
		{1A16708D-47F8-425D-ACD8-7960FB898062}.Release|Any CPU.Build.0 = Release|Any CPU
		{780E4035-D4FC-4CCC-A424-90FD0C45C796}.Debug|Any CPU.ActiveCfg = Debug|Any CPU
		{780E4035-D4FC-4CCC-A424-90FD0C45C796}.Debug|Any CPU.Build.0 = Debug|Any CPU
		{780E4035-D4FC-4CCC-A424-90FD0C45C796}.Release|Any CPU.ActiveCfg = Release|Any CPU
		{780E4035-D4FC-4CCC-A424-90FD0C45C796}.Release|Any CPU.Build.0 = Release|Any CPU
		{6ADD28B1-9825-4D6D-A01E-EBF5C318A2F0}.Debug|Any CPU.ActiveCfg = Debug|Any CPU
		{6ADD28B1-9825-4D6D-A01E-EBF5C318A2F0}.Debug|Any CPU.Build.0 = Debug|Any CPU
		{6ADD28B1-9825-4D6D-A01E-EBF5C318A2F0}.Release|Any CPU.ActiveCfg = Release|Any CPU
		{6ADD28B1-9825-4D6D-A01E-EBF5C318A2F0}.Release|Any CPU.Build.0 = Release|Any CPU
		{F0E879F8-F143-46FE-BBDC-1B2F240C2294}.Debug|Any CPU.ActiveCfg = Debug|Any CPU
		{F0E879F8-F143-46FE-BBDC-1B2F240C2294}.Debug|Any CPU.Build.0 = Debug|Any CPU
		{F0E879F8-F143-46FE-BBDC-1B2F240C2294}.Release|Any CPU.ActiveCfg = Release|Any CPU
		{F0E879F8-F143-46FE-BBDC-1B2F240C2294}.Release|Any CPU.Build.0 = Release|Any CPU
		{0FE05A4A-D06C-4F19-AACC-98C45689CFEB}.Debug|Any CPU.ActiveCfg = Debug|Any CPU
		{0FE05A4A-D06C-4F19-AACC-98C45689CFEB}.Debug|Any CPU.Build.0 = Debug|Any CPU
		{0FE05A4A-D06C-4F19-AACC-98C45689CFEB}.Release|Any CPU.ActiveCfg = Release|Any CPU
		{0FE05A4A-D06C-4F19-AACC-98C45689CFEB}.Release|Any CPU.Build.0 = Release|Any CPU
		{067DF7FD-0731-447C-A842-E0AAFBC49374}.Debug|Any CPU.ActiveCfg = Debug|Any CPU
		{067DF7FD-0731-447C-A842-E0AAFBC49374}.Debug|Any CPU.Build.0 = Debug|Any CPU
		{067DF7FD-0731-447C-A842-E0AAFBC49374}.Release|Any CPU.ActiveCfg = Release|Any CPU
		{067DF7FD-0731-447C-A842-E0AAFBC49374}.Release|Any CPU.Build.0 = Release|Any CPU
		{D1F029D7-532B-444B-8C90-568F2631195B}.Debug|Any CPU.ActiveCfg = Debug|Any CPU
		{D1F029D7-532B-444B-8C90-568F2631195B}.Debug|Any CPU.Build.0 = Debug|Any CPU
		{D1F029D7-532B-444B-8C90-568F2631195B}.Release|Any CPU.ActiveCfg = Release|Any CPU
		{D1F029D7-532B-444B-8C90-568F2631195B}.Release|Any CPU.Build.0 = Release|Any CPU
		{E9307615-5B3F-4E74-87A4-F11627CA206F}.Debug|Any CPU.ActiveCfg = Debug|Any CPU
		{E9307615-5B3F-4E74-87A4-F11627CA206F}.Debug|Any CPU.Build.0 = Debug|Any CPU
		{E9307615-5B3F-4E74-87A4-F11627CA206F}.Release|Any CPU.ActiveCfg = Release|Any CPU
		{E9307615-5B3F-4E74-87A4-F11627CA206F}.Release|Any CPU.Build.0 = Release|Any CPU
		{0CAA40B5-D55B-4C5B-B496-20279ABF75D2}.Debug|Any CPU.ActiveCfg = Debug|Any CPU
		{0CAA40B5-D55B-4C5B-B496-20279ABF75D2}.Debug|Any CPU.Build.0 = Debug|Any CPU
		{0CAA40B5-D55B-4C5B-B496-20279ABF75D2}.Release|Any CPU.ActiveCfg = Release|Any CPU
		{0CAA40B5-D55B-4C5B-B496-20279ABF75D2}.Release|Any CPU.Build.0 = Release|Any CPU
		{3799596A-6485-4B43-80BD-72C64A36E913}.Debug|Any CPU.ActiveCfg = Debug|Any CPU
		{3799596A-6485-4B43-80BD-72C64A36E913}.Debug|Any CPU.Build.0 = Debug|Any CPU
		{3799596A-6485-4B43-80BD-72C64A36E913}.Release|Any CPU.ActiveCfg = Release|Any CPU
		{3799596A-6485-4B43-80BD-72C64A36E913}.Release|Any CPU.Build.0 = Release|Any CPU
		{CD14E9E8-403A-4AB9-B306-8A83CB78EBB6}.Debug|Any CPU.ActiveCfg = Debug|Any CPU
		{CD14E9E8-403A-4AB9-B306-8A83CB78EBB6}.Debug|Any CPU.Build.0 = Debug|Any CPU
		{CD14E9E8-403A-4AB9-B306-8A83CB78EBB6}.Release|Any CPU.ActiveCfg = Release|Any CPU
		{CD14E9E8-403A-4AB9-B306-8A83CB78EBB6}.Release|Any CPU.Build.0 = Release|Any CPU
		{EA7FF652-77A9-4345-96CE-16A9FA284B8C}.Debug|Any CPU.ActiveCfg = Debug|Any CPU
		{EA7FF652-77A9-4345-96CE-16A9FA284B8C}.Debug|Any CPU.Build.0 = Debug|Any CPU
		{EA7FF652-77A9-4345-96CE-16A9FA284B8C}.Release|Any CPU.ActiveCfg = Release|Any CPU
		{EA7FF652-77A9-4345-96CE-16A9FA284B8C}.Release|Any CPU.Build.0 = Release|Any CPU
	EndGlobalSection
	GlobalSection(SolutionProperties) = preSolution
		HideSolutionNode = FALSE
	EndGlobalSection
	GlobalSection(ExtensibilityGlobals) = postSolution
		SolutionGuid = {81DB711D-9407-42A4-9FB1-0B1CA0ACE4C1}
	EndGlobalSection
EndGlobal
