
Microsoft Visual Studio Solution File, Format Version 12.00
# Visual Studio Version 16
VisualStudioVersion = 16.0.30128.74
MinimumVisualStudioVersion = 10.0.40219.1
Project("{9A19103F-16F7-4668-BE54-9A1E7A4F7556}") = "01.ListyIterator", "01.ListyIterator\01.ListyIterator.csproj", "{B696B279-0EB0-4033-8B98-F829368700AF}"
EndProject
Project("{9A19103F-16F7-4668-BE54-9A1E7A4F7556}") = "02.Collection", "02.Collection\02.Collection.csproj", "{8787DCA4-20CF-4E44-828F-347B5834D7A1}"
EndProject
Project("{9A19103F-16F7-4668-BE54-9A1E7A4F7556}") = "03.Stack", "03.Stack\03.Stack.csproj", "{6D4EBAA3-5AA4-401E-B8EC-553C45A9538E}"
EndProject
Project("{9A19103F-16F7-4668-BE54-9A1E7A4F7556}") = "04.Froggy", "04.Froggy\04.Froggy.csproj", "{F38A2C2D-00CE-4F6E-9D3E-707A4C47DD26}"
EndProject
Project("{FAE04EC0-301F-11D3-BF4B-00C04F79EFBC}") = "05.ComparingObjects", "05.ComparingObjects\05.ComparingObjects.csproj", "{0E2C16B5-ADC8-4682-89D4-B09B726E74DF}"
EndProject
Global
	GlobalSection(SolutionConfigurationPlatforms) = preSolution
		Debug|Any CPU = Debug|Any CPU
		Release|Any CPU = Release|Any CPU
	EndGlobalSection
	GlobalSection(ProjectConfigurationPlatforms) = postSolution
		{B696B279-0EB0-4033-8B98-F829368700AF}.Debug|Any CPU.ActiveCfg = Debug|Any CPU
		{B696B279-0EB0-4033-8B98-F829368700AF}.Debug|Any CPU.Build.0 = Debug|Any CPU
		{B696B279-0EB0-4033-8B98-F829368700AF}.Release|Any CPU.ActiveCfg = Release|Any CPU
		{B696B279-0EB0-4033-8B98-F829368700AF}.Release|Any CPU.Build.0 = Release|Any CPU
		{8787DCA4-20CF-4E44-828F-347B5834D7A1}.Debug|Any CPU.ActiveCfg = Debug|Any CPU
		{8787DCA4-20CF-4E44-828F-347B5834D7A1}.Debug|Any CPU.Build.0 = Debug|Any CPU
		{8787DCA4-20CF-4E44-828F-347B5834D7A1}.Release|Any CPU.ActiveCfg = Release|Any CPU
		{8787DCA4-20CF-4E44-828F-347B5834D7A1}.Release|Any CPU.Build.0 = Release|Any CPU
		{6D4EBAA3-5AA4-401E-B8EC-553C45A9538E}.Debug|Any CPU.ActiveCfg = Debug|Any CPU
		{6D4EBAA3-5AA4-401E-B8EC-553C45A9538E}.Debug|Any CPU.Build.0 = Debug|Any CPU
		{6D4EBAA3-5AA4-401E-B8EC-553C45A9538E}.Release|Any CPU.ActiveCfg = Release|Any CPU
		{6D4EBAA3-5AA4-401E-B8EC-553C45A9538E}.Release|Any CPU.Build.0 = Release|Any CPU
		{F38A2C2D-00CE-4F6E-9D3E-707A4C47DD26}.Debug|Any CPU.ActiveCfg = Debug|Any CPU
		{F38A2C2D-00CE-4F6E-9D3E-707A4C47DD26}.Debug|Any CPU.Build.0 = Debug|Any CPU
		{F38A2C2D-00CE-4F6E-9D3E-707A4C47DD26}.Release|Any CPU.ActiveCfg = Release|Any CPU
		{F38A2C2D-00CE-4F6E-9D3E-707A4C47DD26}.Release|Any CPU.Build.0 = Release|Any CPU
		{0E2C16B5-ADC8-4682-89D4-B09B726E74DF}.Debug|Any CPU.ActiveCfg = Debug|Any CPU
		{0E2C16B5-ADC8-4682-89D4-B09B726E74DF}.Debug|Any CPU.Build.0 = Debug|Any CPU
		{0E2C16B5-ADC8-4682-89D4-B09B726E74DF}.Release|Any CPU.ActiveCfg = Release|Any CPU
		{0E2C16B5-ADC8-4682-89D4-B09B726E74DF}.Release|Any CPU.Build.0 = Release|Any CPU
	EndGlobalSection
	GlobalSection(SolutionProperties) = preSolution
		HideSolutionNode = FALSE
	EndGlobalSection
	GlobalSection(ExtensibilityGlobals) = postSolution
		SolutionGuid = {5179EF51-091C-478B-9D45-C4AEE3B391B4}
	EndGlobalSection
EndGlobal
