
Microsoft Visual Studio Solution File, Format Version 12.00
# Visual Studio Version 16
VisualStudioVersion = 16.0.29728.190
MinimumVisualStudioVersion = 10.0.40219.1
Project("{9A19103F-16F7-4668-BE54-9A1E7A4F7556}") = "01. National Court", "01. National Court\01. National Court.csproj", "{54123A45-E217-4043-BC82-D0EDB1DB2257}"
EndProject
Project("{9A19103F-16F7-4668-BE54-9A1E7A4F7556}") = "02. Shopping List", "02. Shopping List\02. Shopping List.csproj", "{0432945E-A171-48C2-92E4-67B7B8AB0D2C}"
EndProject
Project("{9A19103F-16F7-4668-BE54-9A1E7A4F7556}") = "03. Heart Delivery", "03. Heart Delivery\03. Heart Delivery.csproj", "{9D4FCEFD-0C58-4984-B8B6-9B55D4AEC88F}"
EndProject
Project("{FAE04EC0-301F-11D3-BF4B-00C04F79EFBC}") = "try", "try\try.csproj", "{1E99C113-BEE3-4021-BEA7-085C3F3BB32A}"
EndProject
Project("{FAE04EC0-301F-11D3-BF4B-00C04F79EFBC}") = "ConsoleApp1", "ConsoleApp1\ConsoleApp1.csproj", "{758C3A5A-6920-43CE-A7D3-1D03E6ACBF83}"
EndProject
Global
	GlobalSection(SolutionConfigurationPlatforms) = preSolution
		Debug|Any CPU = Debug|Any CPU
		Release|Any CPU = Release|Any CPU
	EndGlobalSection
	GlobalSection(ProjectConfigurationPlatforms) = postSolution
		{54123A45-E217-4043-BC82-D0EDB1DB2257}.Debug|Any CPU.ActiveCfg = Debug|Any CPU
		{54123A45-E217-4043-BC82-D0EDB1DB2257}.Debug|Any CPU.Build.0 = Debug|Any CPU
		{54123A45-E217-4043-BC82-D0EDB1DB2257}.Release|Any CPU.ActiveCfg = Release|Any CPU
		{54123A45-E217-4043-BC82-D0EDB1DB2257}.Release|Any CPU.Build.0 = Release|Any CPU
		{0432945E-A171-48C2-92E4-67B7B8AB0D2C}.Debug|Any CPU.ActiveCfg = Debug|Any CPU
		{0432945E-A171-48C2-92E4-67B7B8AB0D2C}.Debug|Any CPU.Build.0 = Debug|Any CPU
		{0432945E-A171-48C2-92E4-67B7B8AB0D2C}.Release|Any CPU.ActiveCfg = Release|Any CPU
		{0432945E-A171-48C2-92E4-67B7B8AB0D2C}.Release|Any CPU.Build.0 = Release|Any CPU
		{9D4FCEFD-0C58-4984-B8B6-9B55D4AEC88F}.Debug|Any CPU.ActiveCfg = Debug|Any CPU
		{9D4FCEFD-0C58-4984-B8B6-9B55D4AEC88F}.Debug|Any CPU.Build.0 = Debug|Any CPU
		{9D4FCEFD-0C58-4984-B8B6-9B55D4AEC88F}.Release|Any CPU.ActiveCfg = Release|Any CPU
		{9D4FCEFD-0C58-4984-B8B6-9B55D4AEC88F}.Release|Any CPU.Build.0 = Release|Any CPU
		{1E99C113-BEE3-4021-BEA7-085C3F3BB32A}.Debug|Any CPU.ActiveCfg = Debug|Any CPU
		{1E99C113-BEE3-4021-BEA7-085C3F3BB32A}.Debug|Any CPU.Build.0 = Debug|Any CPU
		{1E99C113-BEE3-4021-BEA7-085C3F3BB32A}.Release|Any CPU.ActiveCfg = Release|Any CPU
		{1E99C113-BEE3-4021-BEA7-085C3F3BB32A}.Release|Any CPU.Build.0 = Release|Any CPU
		{758C3A5A-6920-43CE-A7D3-1D03E6ACBF83}.Debug|Any CPU.ActiveCfg = Debug|Any CPU
		{758C3A5A-6920-43CE-A7D3-1D03E6ACBF83}.Debug|Any CPU.Build.0 = Debug|Any CPU
		{758C3A5A-6920-43CE-A7D3-1D03E6ACBF83}.Release|Any CPU.ActiveCfg = Release|Any CPU
		{758C3A5A-6920-43CE-A7D3-1D03E6ACBF83}.Release|Any CPU.Build.0 = Release|Any CPU
	EndGlobalSection
	GlobalSection(SolutionProperties) = preSolution
		HideSolutionNode = FALSE
	EndGlobalSection
	GlobalSection(ExtensibilityGlobals) = postSolution
		SolutionGuid = {400266D0-724A-4AE0-8947-8E48FE497A22}
	EndGlobalSection
EndGlobal
