
Microsoft Visual Studio Solution File, Format Version 12.00
# Visual Studio Version 16
VisualStudioVersion = 16.0.29728.190
MinimumVisualStudioVersion = 10.0.40219.1
Project("{9A19103F-16F7-4668-BE54-9A1E7A4F7556}") = "01. Count Chars in a String", "01. Count Chars in a String\01. Count Chars in a String.csproj", "{81F3FAAD-0354-4158-8369-3E8885BD369A}"
EndProject
Project("{9A19103F-16F7-4668-BE54-9A1E7A4F7556}") = "02. A Miner Task", "02. A Miner Task\02. A Miner Task.csproj", "{FD404E88-52EF-4D2F-A640-2D7B6667DFB5}"
EndProject
Project("{9A19103F-16F7-4668-BE54-9A1E7A4F7556}") = "03. Legendary Farming", "03. Legendary Farming\03. Legendary Farming.csproj", "{4DB6729F-310B-4B41-801D-CDB13140DF43}"
EndProject
Project("{9A19103F-16F7-4668-BE54-9A1E7A4F7556}") = "04. Orders", "04. Orders\04. Orders.csproj", "{9A4D2DC5-7210-4C7D-80B2-E519FEEB8238}"
EndProject
Project("{9A19103F-16F7-4668-BE54-9A1E7A4F7556}") = "05. SoftUni Parking", "05. SoftUni Parking\05. SoftUni Parking.csproj", "{CBEAB143-F65C-4587-9DF8-FEBD89CD95C9}"
EndProject
Project("{9A19103F-16F7-4668-BE54-9A1E7A4F7556}") = "06. Courses", "06. Courses\06. Courses.csproj", "{45268EFB-C7F0-40EE-9915-48D5C7498E2B}"
EndProject
Project("{9A19103F-16F7-4668-BE54-9A1E7A4F7556}") = "07. Student Academy", "07. Student Academy\07. Student Academy.csproj", "{E30A2A74-D221-4B0B-9029-B438ACB1E4B4}"
EndProject
Project("{9A19103F-16F7-4668-BE54-9A1E7A4F7556}") = "08. Company Users", "08. Company Users\08. Company Users.csproj", "{C39862CC-6E9D-41C9-A296-76137D92529F}"
EndProject
Project("{9A19103F-16F7-4668-BE54-9A1E7A4F7556}") = "09. ForceBook", "09. ForceBook\09. ForceBook.csproj", "{2434E107-519B-4D05-80AF-E9C63323F5B1}"
EndProject
Project("{FAE04EC0-301F-11D3-BF4B-00C04F79EFBC}") = "10. SoftUni Exam Results", "10. SoftUni Exam Results\10. SoftUni Exam Results.csproj", "{F082BA74-AF4A-403D-9D88-25D22F6CC555}"
EndProject
Global
	GlobalSection(SolutionConfigurationPlatforms) = preSolution
		Debug|Any CPU = Debug|Any CPU
		Release|Any CPU = Release|Any CPU
	EndGlobalSection
	GlobalSection(ProjectConfigurationPlatforms) = postSolution
		{81F3FAAD-0354-4158-8369-3E8885BD369A}.Debug|Any CPU.ActiveCfg = Debug|Any CPU
		{81F3FAAD-0354-4158-8369-3E8885BD369A}.Debug|Any CPU.Build.0 = Debug|Any CPU
		{81F3FAAD-0354-4158-8369-3E8885BD369A}.Release|Any CPU.ActiveCfg = Release|Any CPU
		{81F3FAAD-0354-4158-8369-3E8885BD369A}.Release|Any CPU.Build.0 = Release|Any CPU
		{FD404E88-52EF-4D2F-A640-2D7B6667DFB5}.Debug|Any CPU.ActiveCfg = Debug|Any CPU
		{FD404E88-52EF-4D2F-A640-2D7B6667DFB5}.Debug|Any CPU.Build.0 = Debug|Any CPU
		{FD404E88-52EF-4D2F-A640-2D7B6667DFB5}.Release|Any CPU.ActiveCfg = Release|Any CPU
		{FD404E88-52EF-4D2F-A640-2D7B6667DFB5}.Release|Any CPU.Build.0 = Release|Any CPU
		{4DB6729F-310B-4B41-801D-CDB13140DF43}.Debug|Any CPU.ActiveCfg = Debug|Any CPU
		{4DB6729F-310B-4B41-801D-CDB13140DF43}.Debug|Any CPU.Build.0 = Debug|Any CPU
		{4DB6729F-310B-4B41-801D-CDB13140DF43}.Release|Any CPU.ActiveCfg = Release|Any CPU
		{4DB6729F-310B-4B41-801D-CDB13140DF43}.Release|Any CPU.Build.0 = Release|Any CPU
		{9A4D2DC5-7210-4C7D-80B2-E519FEEB8238}.Debug|Any CPU.ActiveCfg = Debug|Any CPU
		{9A4D2DC5-7210-4C7D-80B2-E519FEEB8238}.Debug|Any CPU.Build.0 = Debug|Any CPU
		{9A4D2DC5-7210-4C7D-80B2-E519FEEB8238}.Release|Any CPU.ActiveCfg = Release|Any CPU
		{9A4D2DC5-7210-4C7D-80B2-E519FEEB8238}.Release|Any CPU.Build.0 = Release|Any CPU
		{CBEAB143-F65C-4587-9DF8-FEBD89CD95C9}.Debug|Any CPU.ActiveCfg = Debug|Any CPU
		{CBEAB143-F65C-4587-9DF8-FEBD89CD95C9}.Debug|Any CPU.Build.0 = Debug|Any CPU
		{CBEAB143-F65C-4587-9DF8-FEBD89CD95C9}.Release|Any CPU.ActiveCfg = Release|Any CPU
		{CBEAB143-F65C-4587-9DF8-FEBD89CD95C9}.Release|Any CPU.Build.0 = Release|Any CPU
		{45268EFB-C7F0-40EE-9915-48D5C7498E2B}.Debug|Any CPU.ActiveCfg = Debug|Any CPU
		{45268EFB-C7F0-40EE-9915-48D5C7498E2B}.Debug|Any CPU.Build.0 = Debug|Any CPU
		{45268EFB-C7F0-40EE-9915-48D5C7498E2B}.Release|Any CPU.ActiveCfg = Release|Any CPU
		{45268EFB-C7F0-40EE-9915-48D5C7498E2B}.Release|Any CPU.Build.0 = Release|Any CPU
		{E30A2A74-D221-4B0B-9029-B438ACB1E4B4}.Debug|Any CPU.ActiveCfg = Debug|Any CPU
		{E30A2A74-D221-4B0B-9029-B438ACB1E4B4}.Debug|Any CPU.Build.0 = Debug|Any CPU
		{E30A2A74-D221-4B0B-9029-B438ACB1E4B4}.Release|Any CPU.ActiveCfg = Release|Any CPU
		{E30A2A74-D221-4B0B-9029-B438ACB1E4B4}.Release|Any CPU.Build.0 = Release|Any CPU
		{C39862CC-6E9D-41C9-A296-76137D92529F}.Debug|Any CPU.ActiveCfg = Debug|Any CPU
		{C39862CC-6E9D-41C9-A296-76137D92529F}.Debug|Any CPU.Build.0 = Debug|Any CPU
		{C39862CC-6E9D-41C9-A296-76137D92529F}.Release|Any CPU.ActiveCfg = Release|Any CPU
		{C39862CC-6E9D-41C9-A296-76137D92529F}.Release|Any CPU.Build.0 = Release|Any CPU
		{2434E107-519B-4D05-80AF-E9C63323F5B1}.Debug|Any CPU.ActiveCfg = Debug|Any CPU
		{2434E107-519B-4D05-80AF-E9C63323F5B1}.Debug|Any CPU.Build.0 = Debug|Any CPU
		{2434E107-519B-4D05-80AF-E9C63323F5B1}.Release|Any CPU.ActiveCfg = Release|Any CPU
		{2434E107-519B-4D05-80AF-E9C63323F5B1}.Release|Any CPU.Build.0 = Release|Any CPU
		{F082BA74-AF4A-403D-9D88-25D22F6CC555}.Debug|Any CPU.ActiveCfg = Debug|Any CPU
		{F082BA74-AF4A-403D-9D88-25D22F6CC555}.Debug|Any CPU.Build.0 = Debug|Any CPU
		{F082BA74-AF4A-403D-9D88-25D22F6CC555}.Release|Any CPU.ActiveCfg = Release|Any CPU
		{F082BA74-AF4A-403D-9D88-25D22F6CC555}.Release|Any CPU.Build.0 = Release|Any CPU
	EndGlobalSection
	GlobalSection(SolutionProperties) = preSolution
		HideSolutionNode = FALSE
	EndGlobalSection
	GlobalSection(ExtensibilityGlobals) = postSolution
		SolutionGuid = {2A68DA1A-8860-4A7D-843C-6BAF5790AC05}
	EndGlobalSection
EndGlobal
