
Microsoft Visual Studio Solution File, Format Version 12.00
# Visual Studio Version 16
VisualStudioVersion = 16.0.29728.190
MinimumVisualStudioVersion = 10.0.40219.1
Project("{9A19103F-16F7-4668-BE54-9A1E7A4F7556}") = "01. Furniture", "01. Furniture\01. Furniture.csproj", "{1FB14293-F64C-406D-92BC-60F2862A4339}"
EndProject
Project("{FAE04EC0-301F-11D3-BF4B-00C04F79EFBC}") = "02. Race", "02. Race\02. Race.csproj", "{3EBB2D2D-66E2-4047-A539-D61F5545E1D1}"
EndProject
Project("{FAE04EC0-301F-11D3-BF4B-00C04F79EFBC}") = "03. SoftUni Bar Income", "03. SoftUni Bar Income\03. SoftUni Bar Income.csproj", "{881BB4BD-3766-4A9A-B198-EBBF189CCB25}"
EndProject
Global
	GlobalSection(SolutionConfigurationPlatforms) = preSolution
		Debug|Any CPU = Debug|Any CPU
		Release|Any CPU = Release|Any CPU
	EndGlobalSection
	GlobalSection(ProjectConfigurationPlatforms) = postSolution
		{1FB14293-F64C-406D-92BC-60F2862A4339}.Debug|Any CPU.ActiveCfg = Debug|Any CPU
		{1FB14293-F64C-406D-92BC-60F2862A4339}.Debug|Any CPU.Build.0 = Debug|Any CPU
		{1FB14293-F64C-406D-92BC-60F2862A4339}.Release|Any CPU.ActiveCfg = Release|Any CPU
		{1FB14293-F64C-406D-92BC-60F2862A4339}.Release|Any CPU.Build.0 = Release|Any CPU
		{3EBB2D2D-66E2-4047-A539-D61F5545E1D1}.Debug|Any CPU.ActiveCfg = Debug|Any CPU
		{3EBB2D2D-66E2-4047-A539-D61F5545E1D1}.Debug|Any CPU.Build.0 = Debug|Any CPU
		{3EBB2D2D-66E2-4047-A539-D61F5545E1D1}.Release|Any CPU.ActiveCfg = Release|Any CPU
		{3EBB2D2D-66E2-4047-A539-D61F5545E1D1}.Release|Any CPU.Build.0 = Release|Any CPU
		{881BB4BD-3766-4A9A-B198-EBBF189CCB25}.Debug|Any CPU.ActiveCfg = Debug|Any CPU
		{881BB4BD-3766-4A9A-B198-EBBF189CCB25}.Debug|Any CPU.Build.0 = Debug|Any CPU
		{881BB4BD-3766-4A9A-B198-EBBF189CCB25}.Release|Any CPU.ActiveCfg = Release|Any CPU
		{881BB4BD-3766-4A9A-B198-EBBF189CCB25}.Release|Any CPU.Build.0 = Release|Any CPU
	EndGlobalSection
	GlobalSection(SolutionProperties) = preSolution
		HideSolutionNode = FALSE
	EndGlobalSection
	GlobalSection(ExtensibilityGlobals) = postSolution
		SolutionGuid = {AE988B26-D6FA-4608-8D02-0BCCCADD500C}
	EndGlobalSection
EndGlobal
