
Microsoft Visual Studio Solution File, Format Version 12.00
# Visual Studio Version 16
VisualStudioVersion = 16.0.30320.27
MinimumVisualStudioVersion = 10.0.40219.1
Project("{9A19103F-16F7-4668-BE54-9A1E7A4F7556}") = "P01_HospitalDatabase", "P01_HospitalDatabase\P01_HospitalDatabase.csproj", "{F88F3DAD-8886-4F2C-812B-D1B94EB91113}"
EndProject
Project("{FAE04EC0-301F-11D3-BF4B-00C04F79EFBC}") = "P03_SalesDatabase", "P03_SalesDatabase\P03_SalesDatabase.csproj", "{91843805-111B-4172-A145-2E78A92FB593}"
EndProject
Global
	GlobalSection(SolutionConfigurationPlatforms) = preSolution
		Debug|Any CPU = Debug|Any CPU
		Release|Any CPU = Release|Any CPU
	EndGlobalSection
	GlobalSection(ProjectConfigurationPlatforms) = postSolution
		{F88F3DAD-8886-4F2C-812B-D1B94EB91113}.Debug|Any CPU.ActiveCfg = Debug|Any CPU
		{F88F3DAD-8886-4F2C-812B-D1B94EB91113}.Debug|Any CPU.Build.0 = Debug|Any CPU
		{F88F3DAD-8886-4F2C-812B-D1B94EB91113}.Release|Any CPU.ActiveCfg = Release|Any CPU
		{F88F3DAD-8886-4F2C-812B-D1B94EB91113}.Release|Any CPU.Build.0 = Release|Any CPU
		{91843805-111B-4172-A145-2E78A92FB593}.Debug|Any CPU.ActiveCfg = Debug|Any CPU
		{91843805-111B-4172-A145-2E78A92FB593}.Debug|Any CPU.Build.0 = Debug|Any CPU
		{91843805-111B-4172-A145-2E78A92FB593}.Release|Any CPU.ActiveCfg = Release|Any CPU
		{91843805-111B-4172-A145-2E78A92FB593}.Release|Any CPU.Build.0 = Release|Any CPU
	EndGlobalSection
	GlobalSection(SolutionProperties) = preSolution
		HideSolutionNode = FALSE
	EndGlobalSection
	GlobalSection(ExtensibilityGlobals) = postSolution
		SolutionGuid = {33987A59-C4AD-4891-B321-ED487D6F0FA3}
	EndGlobalSection
EndGlobal
