
Microsoft Visual Studio Solution File, Format Version 12.00
# Visual Studio Version 16
VisualStudioVersion = 16.0.29728.190
MinimumVisualStudioVersion = 10.0.40219.1
Project("{9A19103F-16F7-4668-BE54-9A1E7A4F7556}") = "01. Advertisement Message", "01. Advertisement Message\01. Advertisement Message.csproj", "{ED8ABCC1-2C75-43E0-BED5-4A2F93DF5976}"
EndProject
Project("{9A19103F-16F7-4668-BE54-9A1E7A4F7556}") = "try", "try\try.csproj", "{1375A210-6001-42AD-B212-3F139A1540FA}"
EndProject
Project("{9A19103F-16F7-4668-BE54-9A1E7A4F7556}") = "02. Articles", "02. Articles\02. Articles.csproj", "{34B409D3-7EA2-4B31-BC4B-DB63FF718FF9}"
EndProject
Project("{9A19103F-16F7-4668-BE54-9A1E7A4F7556}") = "03. Articles 2.0", "03. Articles 2.0\03. Articles 2.0.csproj", "{025AABD7-1A52-4A9D-B9AC-2EC3613564E2}"
EndProject
Project("{FAE04EC0-301F-11D3-BF4B-00C04F79EFBC}") = "04. Students", "04. Students\04. Students.csproj", "{76697A56-1168-486F-AFBE-579C10F2836E}"
EndProject
Project("{FAE04EC0-301F-11D3-BF4B-00C04F79EFBC}") = "05. Teamwork Projects", "05. Teamwork Projects\05. Teamwork Projects.csproj", "{75CAAE78-A529-4E0C-8166-8154FE05A879}"
EndProject
Project("{FAE04EC0-301F-11D3-BF4B-00C04F79EFBC}") = "06. Vehicle Catalogue", "06. Vehicle Catalogue\06. Vehicle Catalogue.csproj", "{83569286-4B2F-4E2F-9852-6212ED97212B}"
EndProject
Project("{FAE04EC0-301F-11D3-BF4B-00C04F79EFBC}") = "07. Order by Age", "07. Order by Age\07. Order by Age.csproj", "{D415749D-3E84-4A2D-A0E6-91B33A850117}"
EndProject
Global
	GlobalSection(SolutionConfigurationPlatforms) = preSolution
		Debug|Any CPU = Debug|Any CPU
		Release|Any CPU = Release|Any CPU
	EndGlobalSection
	GlobalSection(ProjectConfigurationPlatforms) = postSolution
		{ED8ABCC1-2C75-43E0-BED5-4A2F93DF5976}.Debug|Any CPU.ActiveCfg = Debug|Any CPU
		{ED8ABCC1-2C75-43E0-BED5-4A2F93DF5976}.Debug|Any CPU.Build.0 = Debug|Any CPU
		{ED8ABCC1-2C75-43E0-BED5-4A2F93DF5976}.Release|Any CPU.ActiveCfg = Release|Any CPU
		{ED8ABCC1-2C75-43E0-BED5-4A2F93DF5976}.Release|Any CPU.Build.0 = Release|Any CPU
		{1375A210-6001-42AD-B212-3F139A1540FA}.Debug|Any CPU.ActiveCfg = Debug|Any CPU
		{1375A210-6001-42AD-B212-3F139A1540FA}.Debug|Any CPU.Build.0 = Debug|Any CPU
		{1375A210-6001-42AD-B212-3F139A1540FA}.Release|Any CPU.ActiveCfg = Release|Any CPU
		{1375A210-6001-42AD-B212-3F139A1540FA}.Release|Any CPU.Build.0 = Release|Any CPU
		{34B409D3-7EA2-4B31-BC4B-DB63FF718FF9}.Debug|Any CPU.ActiveCfg = Debug|Any CPU
		{34B409D3-7EA2-4B31-BC4B-DB63FF718FF9}.Debug|Any CPU.Build.0 = Debug|Any CPU
		{34B409D3-7EA2-4B31-BC4B-DB63FF718FF9}.Release|Any CPU.ActiveCfg = Release|Any CPU
		{34B409D3-7EA2-4B31-BC4B-DB63FF718FF9}.Release|Any CPU.Build.0 = Release|Any CPU
		{025AABD7-1A52-4A9D-B9AC-2EC3613564E2}.Debug|Any CPU.ActiveCfg = Debug|Any CPU
		{025AABD7-1A52-4A9D-B9AC-2EC3613564E2}.Debug|Any CPU.Build.0 = Debug|Any CPU
		{025AABD7-1A52-4A9D-B9AC-2EC3613564E2}.Release|Any CPU.ActiveCfg = Release|Any CPU
		{025AABD7-1A52-4A9D-B9AC-2EC3613564E2}.Release|Any CPU.Build.0 = Release|Any CPU
		{76697A56-1168-486F-AFBE-579C10F2836E}.Debug|Any CPU.ActiveCfg = Debug|Any CPU
		{76697A56-1168-486F-AFBE-579C10F2836E}.Debug|Any CPU.Build.0 = Debug|Any CPU
		{76697A56-1168-486F-AFBE-579C10F2836E}.Release|Any CPU.ActiveCfg = Release|Any CPU
		{76697A56-1168-486F-AFBE-579C10F2836E}.Release|Any CPU.Build.0 = Release|Any CPU
		{75CAAE78-A529-4E0C-8166-8154FE05A879}.Debug|Any CPU.ActiveCfg = Debug|Any CPU
		{75CAAE78-A529-4E0C-8166-8154FE05A879}.Debug|Any CPU.Build.0 = Debug|Any CPU
		{75CAAE78-A529-4E0C-8166-8154FE05A879}.Release|Any CPU.ActiveCfg = Release|Any CPU
		{75CAAE78-A529-4E0C-8166-8154FE05A879}.Release|Any CPU.Build.0 = Release|Any CPU
		{83569286-4B2F-4E2F-9852-6212ED97212B}.Debug|Any CPU.ActiveCfg = Debug|Any CPU
		{83569286-4B2F-4E2F-9852-6212ED97212B}.Debug|Any CPU.Build.0 = Debug|Any CPU
		{83569286-4B2F-4E2F-9852-6212ED97212B}.Release|Any CPU.ActiveCfg = Release|Any CPU
		{83569286-4B2F-4E2F-9852-6212ED97212B}.Release|Any CPU.Build.0 = Release|Any CPU
		{D415749D-3E84-4A2D-A0E6-91B33A850117}.Debug|Any CPU.ActiveCfg = Debug|Any CPU
		{D415749D-3E84-4A2D-A0E6-91B33A850117}.Debug|Any CPU.Build.0 = Debug|Any CPU
		{D415749D-3E84-4A2D-A0E6-91B33A850117}.Release|Any CPU.ActiveCfg = Release|Any CPU
		{D415749D-3E84-4A2D-A0E6-91B33A850117}.Release|Any CPU.Build.0 = Release|Any CPU
	EndGlobalSection
	GlobalSection(SolutionProperties) = preSolution
		HideSolutionNode = FALSE
	EndGlobalSection
	GlobalSection(ExtensibilityGlobals) = postSolution
		SolutionGuid = {DF03140B-D197-4051-AAAC-CEE223A11091}
	EndGlobalSection
EndGlobal
