
Microsoft Visual Studio Solution File, Format Version 12.00
# Visual Studio Version 16
VisualStudioVersion = 16.0.29728.190
MinimumVisualStudioVersion = 10.0.40219.1
Project("{9A19103F-16F7-4668-BE54-9A1E7A4F7556}") = "01. Basic Stack Operations", "01. Basic Stack Operations\01. Basic Stack Operations.csproj", "{538C32E7-6641-4993-9CA1-DCE975CBFAE1}"
EndProject
Project("{9A19103F-16F7-4668-BE54-9A1E7A4F7556}") = "02. Basic Queue Operations", "02. Basic Queue Operations\02. Basic Queue Operations.csproj", "{160EA72E-670A-4A5D-8097-0B9ADE5F2013}"
EndProject
Project("{9A19103F-16F7-4668-BE54-9A1E7A4F7556}") = "03. Maximum and Minimum Element", "03. Maximum and Minimum Element\03. Maximum and Minimum Element.csproj", "{3A042E21-8517-45F7-A020-055F20C4FEFD}"
EndProject
Project("{9A19103F-16F7-4668-BE54-9A1E7A4F7556}") = "04. Fast Food", "04. Fast Food\04. Fast Food.csproj", "{BFF8E3FF-0E47-44B7-A3F8-6D85BE7173AD}"
EndProject
Project("{9A19103F-16F7-4668-BE54-9A1E7A4F7556}") = "05. Fashion Boutique", "05. Fashion Boutique\05. Fashion Boutique.csproj", "{AE46CD84-E9D1-4F37-94B0-29872BBC52A8}"
EndProject
Project("{9A19103F-16F7-4668-BE54-9A1E7A4F7556}") = "06. Songs Queue", "06. Songs Queue\06. Songs Queue.csproj", "{452F6854-F7B8-41EE-8E6C-B78A70E41EB3}"
EndProject
Project("{9A19103F-16F7-4668-BE54-9A1E7A4F7556}") = "07. Truck Tour", "07. Truck Tour\07. Truck Tour.csproj", "{79AB3607-BDCA-4A7A-BB78-93842458D6F7}"
EndProject
Project("{9A19103F-16F7-4668-BE54-9A1E7A4F7556}") = "08. Balanced Parenthesis", "08. Balanced Parenthesis\08. Balanced Parenthesis.csproj", "{D89C967A-C046-42A7-A361-FB0F6795615E}"
EndProject
Project("{9A19103F-16F7-4668-BE54-9A1E7A4F7556}") = "09. Simple Text Editor", "09. Simple Text Editor\09. Simple Text Editor.csproj", "{EDDC190F-169B-4030-9AC3-3849DC35D586}"
EndProject
Project("{FAE04EC0-301F-11D3-BF4B-00C04F79EFBC}") = "10. Crossroads", "10. Crossroads\10. Crossroads.csproj", "{78AB8955-6593-4345-9DC2-253F99A3FD8B}"
EndProject
Global
	GlobalSection(SolutionConfigurationPlatforms) = preSolution
		Debug|Any CPU = Debug|Any CPU
		Release|Any CPU = Release|Any CPU
	EndGlobalSection
	GlobalSection(ProjectConfigurationPlatforms) = postSolution
		{538C32E7-6641-4993-9CA1-DCE975CBFAE1}.Debug|Any CPU.ActiveCfg = Debug|Any CPU
		{538C32E7-6641-4993-9CA1-DCE975CBFAE1}.Debug|Any CPU.Build.0 = Debug|Any CPU
		{538C32E7-6641-4993-9CA1-DCE975CBFAE1}.Release|Any CPU.ActiveCfg = Release|Any CPU
		{538C32E7-6641-4993-9CA1-DCE975CBFAE1}.Release|Any CPU.Build.0 = Release|Any CPU
		{160EA72E-670A-4A5D-8097-0B9ADE5F2013}.Debug|Any CPU.ActiveCfg = Debug|Any CPU
		{160EA72E-670A-4A5D-8097-0B9ADE5F2013}.Debug|Any CPU.Build.0 = Debug|Any CPU
		{160EA72E-670A-4A5D-8097-0B9ADE5F2013}.Release|Any CPU.ActiveCfg = Release|Any CPU
		{160EA72E-670A-4A5D-8097-0B9ADE5F2013}.Release|Any CPU.Build.0 = Release|Any CPU
		{3A042E21-8517-45F7-A020-055F20C4FEFD}.Debug|Any CPU.ActiveCfg = Debug|Any CPU
		{3A042E21-8517-45F7-A020-055F20C4FEFD}.Debug|Any CPU.Build.0 = Debug|Any CPU
		{3A042E21-8517-45F7-A020-055F20C4FEFD}.Release|Any CPU.ActiveCfg = Release|Any CPU
		{3A042E21-8517-45F7-A020-055F20C4FEFD}.Release|Any CPU.Build.0 = Release|Any CPU
		{BFF8E3FF-0E47-44B7-A3F8-6D85BE7173AD}.Debug|Any CPU.ActiveCfg = Debug|Any CPU
		{BFF8E3FF-0E47-44B7-A3F8-6D85BE7173AD}.Debug|Any CPU.Build.0 = Debug|Any CPU
		{BFF8E3FF-0E47-44B7-A3F8-6D85BE7173AD}.Release|Any CPU.ActiveCfg = Release|Any CPU
		{BFF8E3FF-0E47-44B7-A3F8-6D85BE7173AD}.Release|Any CPU.Build.0 = Release|Any CPU
		{AE46CD84-E9D1-4F37-94B0-29872BBC52A8}.Debug|Any CPU.ActiveCfg = Debug|Any CPU
		{AE46CD84-E9D1-4F37-94B0-29872BBC52A8}.Debug|Any CPU.Build.0 = Debug|Any CPU
		{AE46CD84-E9D1-4F37-94B0-29872BBC52A8}.Release|Any CPU.ActiveCfg = Release|Any CPU
		{AE46CD84-E9D1-4F37-94B0-29872BBC52A8}.Release|Any CPU.Build.0 = Release|Any CPU
		{452F6854-F7B8-41EE-8E6C-B78A70E41EB3}.Debug|Any CPU.ActiveCfg = Debug|Any CPU
		{452F6854-F7B8-41EE-8E6C-B78A70E41EB3}.Debug|Any CPU.Build.0 = Debug|Any CPU
		{452F6854-F7B8-41EE-8E6C-B78A70E41EB3}.Release|Any CPU.ActiveCfg = Release|Any CPU
		{452F6854-F7B8-41EE-8E6C-B78A70E41EB3}.Release|Any CPU.Build.0 = Release|Any CPU
		{79AB3607-BDCA-4A7A-BB78-93842458D6F7}.Debug|Any CPU.ActiveCfg = Debug|Any CPU
		{79AB3607-BDCA-4A7A-BB78-93842458D6F7}.Debug|Any CPU.Build.0 = Debug|Any CPU
		{79AB3607-BDCA-4A7A-BB78-93842458D6F7}.Release|Any CPU.ActiveCfg = Release|Any CPU
		{79AB3607-BDCA-4A7A-BB78-93842458D6F7}.Release|Any CPU.Build.0 = Release|Any CPU
		{D89C967A-C046-42A7-A361-FB0F6795615E}.Debug|Any CPU.ActiveCfg = Debug|Any CPU
		{D89C967A-C046-42A7-A361-FB0F6795615E}.Debug|Any CPU.Build.0 = Debug|Any CPU
		{D89C967A-C046-42A7-A361-FB0F6795615E}.Release|Any CPU.ActiveCfg = Release|Any CPU
		{D89C967A-C046-42A7-A361-FB0F6795615E}.Release|Any CPU.Build.0 = Release|Any CPU
		{EDDC190F-169B-4030-9AC3-3849DC35D586}.Debug|Any CPU.ActiveCfg = Debug|Any CPU
		{EDDC190F-169B-4030-9AC3-3849DC35D586}.Debug|Any CPU.Build.0 = Debug|Any CPU
		{EDDC190F-169B-4030-9AC3-3849DC35D586}.Release|Any CPU.ActiveCfg = Release|Any CPU
		{EDDC190F-169B-4030-9AC3-3849DC35D586}.Release|Any CPU.Build.0 = Release|Any CPU
		{78AB8955-6593-4345-9DC2-253F99A3FD8B}.Debug|Any CPU.ActiveCfg = Debug|Any CPU
		{78AB8955-6593-4345-9DC2-253F99A3FD8B}.Debug|Any CPU.Build.0 = Debug|Any CPU
		{78AB8955-6593-4345-9DC2-253F99A3FD8B}.Release|Any CPU.ActiveCfg = Release|Any CPU
		{78AB8955-6593-4345-9DC2-253F99A3FD8B}.Release|Any CPU.Build.0 = Release|Any CPU
	EndGlobalSection
	GlobalSection(SolutionProperties) = preSolution
		HideSolutionNode = FALSE
	EndGlobalSection
	GlobalSection(ExtensibilityGlobals) = postSolution
		SolutionGuid = {C018B93D-CB9A-4A7C-9B8A-B2512C71FDD0}
	EndGlobalSection
EndGlobal
