
Microsoft Visual Studio Solution File, Format Version 12.00
# Visual Studio Version 16
VisualStudioVersion = 16.0.29728.190
MinimumVisualStudioVersion = 10.0.40219.1
Project("{FAE04EC0-301F-11D3-BF4B-00C04F79EFBC}") = "01. Unique Usernames", "01. Unique Usernames\01. Unique Usernames.csproj", "{8AE50DAF-53CC-4D7C-B7BC-31064985A89B}"
EndProject
Project("{FAE04EC0-301F-11D3-BF4B-00C04F79EFBC}") = "02. Sets of Elements", "02. Sets of Elements\02. Sets of Elements.csproj", "{A30C2F68-D48C-4422-91FA-1CFAB13C0AB9}"
EndProject
Project("{FAE04EC0-301F-11D3-BF4B-00C04F79EFBC}") = "03. Periodic Table", "03. Periodic Table\03. Periodic Table.csproj", "{428E7513-4C79-455F-BA49-50CB7BA33959}"
EndProject
Project("{FAE04EC0-301F-11D3-BF4B-00C04F79EFBC}") = "04. Even Times", "04. Even Times\04. Even Times.csproj", "{CA40BDBE-5CD0-49B2-8359-7EC154BD181E}"
EndProject
Project("{FAE04EC0-301F-11D3-BF4B-00C04F79EFBC}") = "05. Count Symbols", "05. Count Symbols\05. Count Symbols.csproj", "{84C65767-B202-4FFD-BF61-5DDE16743860}"
EndProject
Project("{FAE04EC0-301F-11D3-BF4B-00C04F79EFBC}") = "06. Wardrobe", "06. Wardrobe\06. Wardrobe.csproj", "{F3DFD369-6579-4906-8377-1B97436C0F63}"
EndProject
Project("{FAE04EC0-301F-11D3-BF4B-00C04F79EFBC}") = "07. The V-Logger", "07. The V-Logger\07. The V-Logger.csproj", "{A642CD55-A149-4079-B02B-318C0403DD6D}"
EndProject
Project("{FAE04EC0-301F-11D3-BF4B-00C04F79EFBC}") = "08. Ranking", "08. Ranking\08. Ranking.csproj", "{61CB22C8-B67D-4413-8F7B-470DAC645F0E}"
EndProject
Project("{FAE04EC0-301F-11D3-BF4B-00C04F79EFBC}") = "Functional Programming - Lab", "Functional Programming - Lab\Functional Programming - Lab.csproj", "{E93FA564-29FE-4724-A9C4-F83AFA7C6541}"
EndProject
Global
	GlobalSection(SolutionConfigurationPlatforms) = preSolution
		Debug|Any CPU = Debug|Any CPU
		Release|Any CPU = Release|Any CPU
	EndGlobalSection
	GlobalSection(ProjectConfigurationPlatforms) = postSolution
		{8AE50DAF-53CC-4D7C-B7BC-31064985A89B}.Debug|Any CPU.ActiveCfg = Debug|Any CPU
		{8AE50DAF-53CC-4D7C-B7BC-31064985A89B}.Debug|Any CPU.Build.0 = Debug|Any CPU
		{8AE50DAF-53CC-4D7C-B7BC-31064985A89B}.Release|Any CPU.ActiveCfg = Release|Any CPU
		{8AE50DAF-53CC-4D7C-B7BC-31064985A89B}.Release|Any CPU.Build.0 = Release|Any CPU
		{A30C2F68-D48C-4422-91FA-1CFAB13C0AB9}.Debug|Any CPU.ActiveCfg = Debug|Any CPU
		{A30C2F68-D48C-4422-91FA-1CFAB13C0AB9}.Debug|Any CPU.Build.0 = Debug|Any CPU
		{A30C2F68-D48C-4422-91FA-1CFAB13C0AB9}.Release|Any CPU.ActiveCfg = Release|Any CPU
		{A30C2F68-D48C-4422-91FA-1CFAB13C0AB9}.Release|Any CPU.Build.0 = Release|Any CPU
		{428E7513-4C79-455F-BA49-50CB7BA33959}.Debug|Any CPU.ActiveCfg = Debug|Any CPU
		{428E7513-4C79-455F-BA49-50CB7BA33959}.Debug|Any CPU.Build.0 = Debug|Any CPU
		{428E7513-4C79-455F-BA49-50CB7BA33959}.Release|Any CPU.ActiveCfg = Release|Any CPU
		{428E7513-4C79-455F-BA49-50CB7BA33959}.Release|Any CPU.Build.0 = Release|Any CPU
		{CA40BDBE-5CD0-49B2-8359-7EC154BD181E}.Debug|Any CPU.ActiveCfg = Debug|Any CPU
		{CA40BDBE-5CD0-49B2-8359-7EC154BD181E}.Debug|Any CPU.Build.0 = Debug|Any CPU
		{CA40BDBE-5CD0-49B2-8359-7EC154BD181E}.Release|Any CPU.ActiveCfg = Release|Any CPU
		{CA40BDBE-5CD0-49B2-8359-7EC154BD181E}.Release|Any CPU.Build.0 = Release|Any CPU
		{84C65767-B202-4FFD-BF61-5DDE16743860}.Debug|Any CPU.ActiveCfg = Debug|Any CPU
		{84C65767-B202-4FFD-BF61-5DDE16743860}.Debug|Any CPU.Build.0 = Debug|Any CPU
		{84C65767-B202-4FFD-BF61-5DDE16743860}.Release|Any CPU.ActiveCfg = Release|Any CPU
		{84C65767-B202-4FFD-BF61-5DDE16743860}.Release|Any CPU.Build.0 = Release|Any CPU
		{F3DFD369-6579-4906-8377-1B97436C0F63}.Debug|Any CPU.ActiveCfg = Debug|Any CPU
		{F3DFD369-6579-4906-8377-1B97436C0F63}.Debug|Any CPU.Build.0 = Debug|Any CPU
		{F3DFD369-6579-4906-8377-1B97436C0F63}.Release|Any CPU.ActiveCfg = Release|Any CPU
		{F3DFD369-6579-4906-8377-1B97436C0F63}.Release|Any CPU.Build.0 = Release|Any CPU
		{A642CD55-A149-4079-B02B-318C0403DD6D}.Debug|Any CPU.ActiveCfg = Debug|Any CPU
		{A642CD55-A149-4079-B02B-318C0403DD6D}.Debug|Any CPU.Build.0 = Debug|Any CPU
		{A642CD55-A149-4079-B02B-318C0403DD6D}.Release|Any CPU.ActiveCfg = Release|Any CPU
		{A642CD55-A149-4079-B02B-318C0403DD6D}.Release|Any CPU.Build.0 = Release|Any CPU
		{61CB22C8-B67D-4413-8F7B-470DAC645F0E}.Debug|Any CPU.ActiveCfg = Debug|Any CPU
		{61CB22C8-B67D-4413-8F7B-470DAC645F0E}.Debug|Any CPU.Build.0 = Debug|Any CPU
		{61CB22C8-B67D-4413-8F7B-470DAC645F0E}.Release|Any CPU.ActiveCfg = Release|Any CPU
		{61CB22C8-B67D-4413-8F7B-470DAC645F0E}.Release|Any CPU.Build.0 = Release|Any CPU
		{E93FA564-29FE-4724-A9C4-F83AFA7C6541}.Debug|Any CPU.ActiveCfg = Debug|Any CPU
		{E93FA564-29FE-4724-A9C4-F83AFA7C6541}.Debug|Any CPU.Build.0 = Debug|Any CPU
		{E93FA564-29FE-4724-A9C4-F83AFA7C6541}.Release|Any CPU.ActiveCfg = Release|Any CPU
		{E93FA564-29FE-4724-A9C4-F83AFA7C6541}.Release|Any CPU.Build.0 = Release|Any CPU
	EndGlobalSection
	GlobalSection(SolutionProperties) = preSolution
		HideSolutionNode = FALSE
	EndGlobalSection
	GlobalSection(ExtensibilityGlobals) = postSolution
		SolutionGuid = {D7FC9C68-3498-45DA-AC43-90E03AF9C55A}
	EndGlobalSection
EndGlobal
