
Microsoft Visual Studio Solution File, Format Version 12.00
# Visual Studio Version 16
VisualStudioVersion = 16.0.29728.190
MinimumVisualStudioVersion = 10.0.40219.1
Project("{9A19103F-16F7-4668-BE54-9A1E7A4F7556}") = "01. Data Types", "01. Data Types\01. Data Types.csproj", "{FB8DAEF4-F15B-4B06-98BC-4534C5ABCE49}"
EndProject
Project("{9A19103F-16F7-4668-BE54-9A1E7A4F7556}") = "02. Center Point", "02. Center Point\02. Center Point.csproj", "{46BBC5C9-6EC8-43DE-9A48-2E1C2C24B299}"
EndProject
Project("{FAE04EC0-301F-11D3-BF4B-00C04F79EFBC}") = "03. Longer Line", "03. Longer Line\03. Longer Line.csproj", "{B47E1768-F4AD-4F0A-B9CB-F999433A3794}"
EndProject
Global
	GlobalSection(SolutionConfigurationPlatforms) = preSolution
		Debug|Any CPU = Debug|Any CPU
		Release|Any CPU = Release|Any CPU
	EndGlobalSection
	GlobalSection(ProjectConfigurationPlatforms) = postSolution
		{FB8DAEF4-F15B-4B06-98BC-4534C5ABCE49}.Debug|Any CPU.ActiveCfg = Debug|Any CPU
		{FB8DAEF4-F15B-4B06-98BC-4534C5ABCE49}.Debug|Any CPU.Build.0 = Debug|Any CPU
		{FB8DAEF4-F15B-4B06-98BC-4534C5ABCE49}.Release|Any CPU.ActiveCfg = Release|Any CPU
		{FB8DAEF4-F15B-4B06-98BC-4534C5ABCE49}.Release|Any CPU.Build.0 = Release|Any CPU
		{46BBC5C9-6EC8-43DE-9A48-2E1C2C24B299}.Debug|Any CPU.ActiveCfg = Debug|Any CPU
		{46BBC5C9-6EC8-43DE-9A48-2E1C2C24B299}.Debug|Any CPU.Build.0 = Debug|Any CPU
		{46BBC5C9-6EC8-43DE-9A48-2E1C2C24B299}.Release|Any CPU.ActiveCfg = Release|Any CPU
		{46BBC5C9-6EC8-43DE-9A48-2E1C2C24B299}.Release|Any CPU.Build.0 = Release|Any CPU
		{B47E1768-F4AD-4F0A-B9CB-F999433A3794}.Debug|Any CPU.ActiveCfg = Debug|Any CPU
		{B47E1768-F4AD-4F0A-B9CB-F999433A3794}.Debug|Any CPU.Build.0 = Debug|Any CPU
		{B47E1768-F4AD-4F0A-B9CB-F999433A3794}.Release|Any CPU.ActiveCfg = Release|Any CPU
		{B47E1768-F4AD-4F0A-B9CB-F999433A3794}.Release|Any CPU.Build.0 = Release|Any CPU
	EndGlobalSection
	GlobalSection(SolutionProperties) = preSolution
		HideSolutionNode = FALSE
	EndGlobalSection
	GlobalSection(ExtensibilityGlobals) = postSolution
		SolutionGuid = {B8A839D2-E3CB-43A0-B25B-6CCC70AEEE15}
	EndGlobalSection
EndGlobal
